
Microsoft Visual Studio Solution File, Format Version 12.00
# Visual Studio 2013
VisualStudioVersion = 12.0.30501.0
MinimumVisualStudioVersion = 10.0.40219.1
Project("{FAE04EC0-301F-11D3-BF4B-00C04F79EFBC}") = "EssentialTools", "EssentialTools\EssentialTools.csproj", "{028BA2E2-9350-4CFE-A49A-6981CE4991D3}"
EndProject
Project("{FAE04EC0-301F-11D3-BF4B-00C04F79EFBC}") = "EssentialTools.Tests", "EssentialTools.Tests\EssentialTools.Tests.csproj", "{90B941A9-5792-4C05-B819-407EA92ADCD7}"
EndProject
Global
	GlobalSection(SolutionConfigurationPlatforms) = preSolution
		Debug|Any CPU = Debug|Any CPU
		Release|Any CPU = Release|Any CPU
	EndGlobalSection
	GlobalSection(ProjectConfigurationPlatforms) = postSolution
		{028BA2E2-9350-4CFE-A49A-6981CE4991D3}.Debug|Any CPU.ActiveCfg = Debug|Any CPU
		{028BA2E2-9350-4CFE-A49A-6981CE4991D3}.Debug|Any CPU.Build.0 = Debug|Any CPU
		{028BA2E2-9350-4CFE-A49A-6981CE4991D3}.Release|Any CPU.ActiveCfg = Release|Any CPU
		{028BA2E2-9350-4CFE-A49A-6981CE4991D3}.Release|Any CPU.Build.0 = Release|Any CPU
		{90B941A9-5792-4C05-B819-407EA92ADCD7}.Debug|Any CPU.ActiveCfg = Debug|Any CPU
		{90B941A9-5792-4C05-B819-407EA92ADCD7}.Debug|Any CPU.Build.0 = Debug|Any CPU
		{90B941A9-5792-4C05-B819-407EA92ADCD7}.Release|Any CPU.ActiveCfg = Release|Any CPU
		{90B941A9-5792-4C05-B819-407EA92ADCD7}.Release|Any CPU.Build.0 = Release|Any CPU
	EndGlobalSection
	GlobalSection(SolutionProperties) = preSolution
		HideSolutionNode = FALSE
	EndGlobalSection
EndGlobal
