
Microsoft Visual Studio Solution File, Format Version 12.00
# Visual Studio 2013
VisualStudioVersion = 12.0.30501.0
MinimumVisualStudioVersion = 10.0.40219.1
Project("{FAE04EC0-301F-11D3-BF4B-00C04F79EFBC}") = "SportsStore.Domain", "SportsStore.Domain\SportsStore.Domain.csproj", "{7DED648A-D986-49E3-8CFB-84CC77C7514F}"
EndProject
Project("{FAE04EC0-301F-11D3-BF4B-00C04F79EFBC}") = "SportsStore.WebUI", "SportsStore.WebUI\SportsStore.WebUI.csproj", "{264E46E2-FBF6-4ECD-BD65-7081BB4BD4FE}"
EndProject
Project("{FAE04EC0-301F-11D3-BF4B-00C04F79EFBC}") = "SportsStore.UnitTests", "SportsStore.UnitTests\SportsStore.UnitTests.csproj", "{A100421D-FA1D-4AA9-9EB9-357CA226A980}"
EndProject
Global
	GlobalSection(SolutionConfigurationPlatforms) = preSolution
		Debug|Any CPU = Debug|Any CPU
		Release|Any CPU = Release|Any CPU
	EndGlobalSection
	GlobalSection(ProjectConfigurationPlatforms) = postSolution
		{7DED648A-D986-49E3-8CFB-84CC77C7514F}.Debug|Any CPU.ActiveCfg = Debug|Any CPU
		{7DED648A-D986-49E3-8CFB-84CC77C7514F}.Debug|Any CPU.Build.0 = Debug|Any CPU
		{7DED648A-D986-49E3-8CFB-84CC77C7514F}.Release|Any CPU.ActiveCfg = Release|Any CPU
		{7DED648A-D986-49E3-8CFB-84CC77C7514F}.Release|Any CPU.Build.0 = Release|Any CPU
		{264E46E2-FBF6-4ECD-BD65-7081BB4BD4FE}.Debug|Any CPU.ActiveCfg = Debug|Any CPU
		{264E46E2-FBF6-4ECD-BD65-7081BB4BD4FE}.Debug|Any CPU.Build.0 = Debug|Any CPU
		{264E46E2-FBF6-4ECD-BD65-7081BB4BD4FE}.Release|Any CPU.ActiveCfg = Release|Any CPU
		{264E46E2-FBF6-4ECD-BD65-7081BB4BD4FE}.Release|Any CPU.Build.0 = Release|Any CPU
		{A100421D-FA1D-4AA9-9EB9-357CA226A980}.Debug|Any CPU.ActiveCfg = Debug|Any CPU
		{A100421D-FA1D-4AA9-9EB9-357CA226A980}.Debug|Any CPU.Build.0 = Debug|Any CPU
		{A100421D-FA1D-4AA9-9EB9-357CA226A980}.Release|Any CPU.ActiveCfg = Release|Any CPU
		{A100421D-FA1D-4AA9-9EB9-357CA226A980}.Release|Any CPU.Build.0 = Release|Any CPU
	EndGlobalSection
	GlobalSection(SolutionProperties) = preSolution
		HideSolutionNode = FALSE
	EndGlobalSection
EndGlobal
